
Microsoft Visual Studio Solution File, Format Version 12.00
# Visual Studio Version 16
VisualStudioVersion = 16.0.32630.194
MinimumVisualStudioVersion = 10.0.40219.1
Project("{FAE04EC0-301F-11D3-BF4B-00C04F79EFBC}") = "ex3_2", "ex3_2\ex3_2.csproj", "{6882A4D0-9865-47B5-B7AB-6C42A42826CE}"
EndProject
Global
	GlobalSection(SolutionConfigurationPlatforms) = preSolution
		Debug|Any CPU = Debug|Any CPU
		Release|Any CPU = Release|Any CPU
	EndGlobalSection
	GlobalSection(ProjectConfigurationPlatforms) = postSolution
		{6882A4D0-9865-47B5-B7AB-6C42A42826CE}.Debug|Any CPU.ActiveCfg = Debug|Any CPU
		{6882A4D0-9865-47B5-B7AB-6C42A42826CE}.Debug|Any CPU.Build.0 = Debug|Any CPU
		{6882A4D0-9865-47B5-B7AB-6C42A42826CE}.Release|Any CPU.ActiveCfg = Release|Any CPU
		{6882A4D0-9865-47B5-B7AB-6C42A42826CE}.Release|Any CPU.Build.0 = Release|Any CPU
	EndGlobalSection
	GlobalSection(SolutionProperties) = preSolution
		HideSolutionNode = FALSE
	EndGlobalSection
	GlobalSection(ExtensibilityGlobals) = postSolution
		SolutionGuid = {0801BF75-9118-45CD-906C-E9D2F41C0536}
	EndGlobalSection
EndGlobal
